
Microsoft Visual Studio Solution File, Format Version 12.00
# Visual Studio Version 16
VisualStudioVersion = 16.0.29905.134
MinimumVisualStudioVersion = 10.0.40219.1
Project("{8BC9CEB8-8B4A-11D0-8D11-00A0C91BC942}") = "Recetario", "Recetario.vcxproj", "{ECE1DF5F-DD68-4035-ABA4-9CFED55B0CFC}"
EndProject
Global
	GlobalSection(SolutionConfigurationPlatforms) = preSolution
		Debug|x64 = Debug|x64
		Release|x64 = Release|x64
	EndGlobalSection
	GlobalSection(ProjectConfigurationPlatforms) = postSolution
		{ECE1DF5F-DD68-4035-ABA4-9CFED55B0CFC}.Debug|x64.ActiveCfg = Debug|x64
		{ECE1DF5F-DD68-4035-ABA4-9CFED55B0CFC}.Debug|x64.Build.0 = Debug|x64
		{ECE1DF5F-DD68-4035-ABA4-9CFED55B0CFC}.Release|x64.ActiveCfg = Release|x64
		{ECE1DF5F-DD68-4035-ABA4-9CFED55B0CFC}.Release|x64.Build.0 = Release|x64
	EndGlobalSection
	GlobalSection(SolutionProperties) = preSolution
		HideSolutionNode = FALSE
	EndGlobalSection
	GlobalSection(ExtensibilityGlobals) = postSolution
		SolutionGuid = {53F5DEAC-B309-48AE-BC04-BE7DFD8A97FC}
	EndGlobalSection
EndGlobal
